{
  "version": 4,
  "terraform_version": "1.6.6",
  "serial": 106,
  "lineage": "a4827d53-c9b0-42a5-6608-1f31c9b719bf",
  "outputs": {},
  "resources": [
    {
      "module": "module.stage1_module",
      "mode": "managed",
      "type": "aws_iam_policy",
      "name": "StagefullEKS",
      "provider": "provider[\"registry.terraform.io/hashicorp/aws\"]",
      "instances": [
        {
          "schema_version": 0,
          "attributes": {
            "arn": "arn:aws:iam::747223660852:policy/StagefullEKS1",
            "description": "",
            "id": "arn:aws:iam::747223660852:policy/StagefullEKS1",
            "name": "StagefullEKS1",
            "name_prefix": "",
            "path": "/",
            "policy": "{\"Statement\":[{\"Action\":[\"eks:*\"],\"Effect\":\"Allow\",\"Resource\":\"*\"}],\"Version\":\"2012-10-17\"}",
            "policy_id": "ANPA236QAHE2ELF2FLUHZ",
            "tags": null,
            "tags_all": {}
          },
          "sensitive_attributes": [],
          "private": "bnVsbA=="
        }
      ]
    },
    {
      "module": "module.stage1_module",
      "mode": "managed",
      "type": "aws_iam_policy",
      "name": "StagefullS3",
      "provider": "provider[\"registry.terraform.io/hashicorp/aws\"]",
      "instances": [
        {
          "schema_version": 0,
          "attributes": {
            "arn": "arn:aws:iam::747223660852:policy/StagefullS31",
            "description": "",
            "id": "arn:aws:iam::747223660852:policy/StagefullS31",
            "name": "StagefullS31",
            "name_prefix": "",
            "path": "/",
            "policy": "{\"Statement\":[{\"Action\":[\"s3:*\"],\"Effect\":\"Allow\",\"Resource\":\"*\"}],\"Version\":\"2012-10-17\"}",
            "policy_id": "ANPA236QAHE2LI74JQNOH",
            "tags": null,
            "tags_all": {}
          },
          "sensitive_attributes": [],
          "private": "bnVsbA=="
        }
      ]
    },
    {
      "module": "module.stage1_module",
      "mode": "managed",
      "type": "aws_iam_policy",
      "name": "StagereadEC2",
      "provider": "provider[\"registry.terraform.io/hashicorp/aws\"]",
      "instances": [
        {
          "schema_version": 0,
          "attributes": {
            "arn": "arn:aws:iam::747223660852:policy/StagereadEC21",
            "description": "",
            "id": "arn:aws:iam::747223660852:policy/StagereadEC21",
            "name": "StagereadEC21",
            "name_prefix": "",
            "path": "/",
            "policy": "{\"Statement\":[{\"Action\":[\"ec2:Get*\"],\"Effect\":\"Allow\",\"Resource\":\"*\"}],\"Version\":\"2012-10-17\"}",
            "policy_id": "ANPA236QAHE2P4I53UXXV",
            "tags": null,
            "tags_all": {}
          },
          "sensitive_attributes": [],
          "private": "bnVsbA=="
        }
      ]
    },
    {
      "module": "module.stage1_module",
      "mode": "managed",
      "type": "aws_iam_policy",
      "name": "StagereadS3",
      "provider": "provider[\"registry.terraform.io/hashicorp/aws\"]",
      "instances": [
        {
          "schema_version": 0,
          "attributes": {
            "arn": "arn:aws:iam::747223660852:policy/StagereadS31",
            "description": "",
            "id": "arn:aws:iam::747223660852:policy/StagereadS31",
            "name": "StagereadS31",
            "name_prefix": "",
            "path": "/",
            "policy": "{\"Statement\":[{\"Action\":[\"s3:Get*\",\"s3:List*\",\"s3:Describe*\"],\"Effect\":\"Allow\",\"Resource\":\"*\"}],\"Version\":\"2012-10-17\"}",
            "policy_id": "ANPA236QAHE2HN45PBG3B",
            "tags": null,
            "tags_all": {}
          },
          "sensitive_attributes": [],
          "private": "bnVsbA=="
        }
      ]
    },
    {
      "module": "module.stage1_module",
      "mode": "managed",
      "type": "aws_iam_policy",
      "name": "fullIAM",
      "provider": "provider[\"registry.terraform.io/hashicorp/aws\"]",
      "instances": [
        {
          "schema_version": 0,
          "attributes": {
            "arn": "arn:aws:iam::747223660852:policy/fullIAM1",
            "description": "",
            "id": "arn:aws:iam::747223660852:policy/fullIAM1",
            "name": "fullIAM1",
            "name_prefix": "",
            "path": "/",
            "policy": "{\"Statement\":[{\"Action\":\"iam:*\",\"Effect\":\"Allow\",\"Resource\":\"*\",\"Sid\":\"VisualEditor0\"}],\"Version\":\"2012-10-17\"}",
            "policy_id": "ANPA236QAHE2KW6UQSZ7L",
            "tags": null,
            "tags_all": {}
          },
          "sensitive_attributes": [],
          "private": "bnVsbA=="
        }
      ]
    },
    {
      "module": "module.stage1_module",
      "mode": "managed",
      "type": "aws_iam_policy",
      "name": "writeEC2",
      "provider": "provider[\"registry.terraform.io/hashicorp/aws\"]",
      "instances": [
        {
          "schema_version": 0,
          "attributes": {
            "arn": "arn:aws:iam::747223660852:policy/writeEC21",
            "description": "",
            "id": "arn:aws:iam::747223660852:policy/writeEC21",
            "name": "writeEC21",
            "name_prefix": "",
            "path": "/",
            "policy": "{\"Statement\":[{\"Action\":[\"ec2:TerminateInstances\",\"ec2:RunInstances\",\"ec2:StartInstances\",\"ec2:RebootInstances\"],\"Effect\":\"Allow\",\"Resource\":\"*\"}],\"Version\":\"2012-10-17\"}",
            "policy_id": "ANPA236QAHE2CCF5LUEWL",
            "tags": null,
            "tags_all": {}
          },
          "sensitive_attributes": [],
          "private": "bnVsbA=="
        }
      ]
    },
    {
      "module": "module.stage1_module",
      "mode": "managed",
      "type": "aws_iam_policy_attachment",
      "name": "StagefullEKS-attach",
      "provider": "provider[\"registry.terraform.io/hashicorp/aws\"]",
      "instances": [
        {
          "schema_version": 0,
          "attributes": {
            "groups": null,
            "id": "ProdreadEKS-attach",
            "name": "ProdreadEKS-attach",
            "policy_arn": "arn:aws:iam::747223660852:policy/StagefullEKS1",
            "roles": [
              "StageAccessRole1"
            ],
            "users": null
          },
          "sensitive_attributes": [],
          "private": "bnVsbA==",
          "dependencies": [
            "module.stage1_module.aws_iam_policy.StagefullEKS",
            "module.stage1_module.aws_iam_role.StageAccessRole"
          ]
        }
      ]
    },
    {
      "module": "module.stage1_module",
      "mode": "managed",
      "type": "aws_iam_policy_attachment",
      "name": "StagefullIAM-attach",
      "provider": "provider[\"registry.terraform.io/hashicorp/aws\"]",
      "instances": [
        {
          "schema_version": 0,
          "attributes": {
            "groups": null,
            "id": "admin_no_secret-attach",
            "name": "admin_no_secret-attach",
            "policy_arn": "arn:aws:iam::747223660852:policy/fullIAM1",
            "roles": [
              "StageDevopsAccessRole1"
            ],
            "users": null
          },
          "sensitive_attributes": [],
          "private": "bnVsbA==",
          "dependencies": [
            "module.stage1_module.aws_iam_policy.fullIAM",
            "module.stage1_module.aws_iam_role.StageDevopsAccessRole"
          ]
        }
      ]
    },
    {
      "module": "module.stage1_module",
      "mode": "managed",
      "type": "aws_iam_policy_attachment",
      "name": "StagefullS3-attach",
      "provider": "provider[\"registry.terraform.io/hashicorp/aws\"]",
      "instances": [
        {
          "schema_version": 0,
          "attributes": {
            "groups": null,
            "id": "ProdfullEC2-attach",
            "name": "ProdfullEC2-attach",
            "policy_arn": "arn:aws:iam::747223660852:policy/StagefullS31",
            "roles": [
              "StageDevopsAccessRole1"
            ],
            "users": null
          },
          "sensitive_attributes": [],
          "private": "bnVsbA==",
          "dependencies": [
            "module.stage1_module.aws_iam_policy.StagefullS3",
            "module.stage1_module.aws_iam_role.StageDevopsAccessRole"
          ]
        }
      ]
    },
    {
      "module": "module.stage1_module",
      "mode": "managed",
      "type": "aws_iam_policy_attachment",
      "name": "StagereadEC2-attach",
      "provider": "provider[\"registry.terraform.io/hashicorp/aws\"]",
      "instances": [
        {
          "schema_version": 0,
          "attributes": {
            "groups": null,
            "id": "ProdfullEC2-attach",
            "name": "ProdfullEC2-attach",
            "policy_arn": "arn:aws:iam::747223660852:policy/StagereadEC21",
            "roles": [
              "StageDevopsAccessRole1"
            ],
            "users": null
          },
          "sensitive_attributes": [],
          "private": "bnVsbA==",
          "dependencies": [
            "module.stage1_module.aws_iam_policy.StagereadEC2",
            "module.stage1_module.aws_iam_role.StageDevopsAccessRole"
          ]
        }
      ]
    },
    {
      "module": "module.stage1_module",
      "mode": "managed",
      "type": "aws_iam_policy_attachment",
      "name": "StagereadS3-attach",
      "provider": "provider[\"registry.terraform.io/hashicorp/aws\"]",
      "instances": [
        {
          "schema_version": 0,
          "attributes": {
            "groups": null,
            "id": "ProdreadS3-attach",
            "name": "ProdreadS3-attach",
            "policy_arn": "arn:aws:iam::747223660852:policy/StagereadS31",
            "roles": [
              "StageAccessRole1"
            ],
            "users": null
          },
          "sensitive_attributes": [],
          "private": "bnVsbA==",
          "dependencies": [
            "module.stage1_module.aws_iam_policy.StagereadS3",
            "module.stage1_module.aws_iam_role.StageAccessRole"
          ]
        }
      ]
    },
    {
      "module": "module.stage1_module",
      "mode": "managed",
      "type": "aws_iam_policy_attachment",
      "name": "StagewriteEC2-attach",
      "provider": "provider[\"registry.terraform.io/hashicorp/aws\"]",
      "instances": [
        {
          "schema_version": 0,
          "attributes": {
            "groups": null,
            "id": "ProdreadEC2-attach",
            "name": "ProdreadEC2-attach",
            "policy_arn": "arn:aws:iam::747223660852:policy/writeEC21",
            "roles": [
              "StageAccessRole1"
            ],
            "users": null
          },
          "sensitive_attributes": [],
          "private": "bnVsbA==",
          "dependencies": [
            "module.stage1_module.aws_iam_policy.writeEC2",
            "module.stage1_module.aws_iam_role.StageAccessRole"
          ]
        }
      ]
    },
    {
      "module": "module.stage1_module",
      "mode": "managed",
      "type": "aws_iam_role",
      "name": "StageAccessRole",
      "provider": "provider[\"registry.terraform.io/hashicorp/aws\"]",
      "instances": [
        {
          "schema_version": 0,
          "attributes": {
            "arn": "arn:aws:iam::747223660852:role/StageAccessRole1",
            "assume_role_policy": "{\"Statement\":[{\"Action\":\"sts:AssumeRole\",\"Effect\":\"Allow\",\"Principal\":{\"Service\":\"ec2.amazonaws.com\"},\"Sid\":\"\"}],\"Version\":\"2012-10-17\"}",
            "create_date": "2024-01-24T04:54:21Z",
            "description": "",
            "force_detach_policies": false,
            "id": "StageAccessRole1",
            "inline_policy": [],
            "managed_policy_arns": [],
            "max_session_duration": 3600,
            "name": "StageAccessRole1",
            "name_prefix": "",
            "path": "/",
            "permissions_boundary": "",
            "tags": null,
            "tags_all": {},
            "unique_id": "AROA236QAHE2BLHQ2XWVF"
          },
          "sensitive_attributes": [],
          "private": "bnVsbA=="
        }
      ]
    },
    {
      "module": "module.stage1_module",
      "mode": "managed",
      "type": "aws_iam_role",
      "name": "StageDevopsAccessRole",
      "provider": "provider[\"registry.terraform.io/hashicorp/aws\"]",
      "instances": [
        {
          "schema_version": 0,
          "attributes": {
            "arn": "arn:aws:iam::747223660852:role/StageDevopsAccessRole1",
            "assume_role_policy": "{\"Statement\":[{\"Action\":\"sts:AssumeRole\",\"Effect\":\"Allow\",\"Principal\":{\"Service\":\"ec2.amazonaws.com\"},\"Sid\":\"\"}],\"Version\":\"2012-10-17\"}",
            "create_date": "2024-01-24T04:54:21Z",
            "description": "",
            "force_detach_policies": false,
            "id": "StageDevopsAccessRole1",
            "inline_policy": [],
            "managed_policy_arns": [],
            "max_session_duration": 3600,
            "name": "StageDevopsAccessRole1",
            "name_prefix": "",
            "path": "/",
            "permissions_boundary": "",
            "tags": null,
            "tags_all": {},
            "unique_id": "AROA236QAHE2JGTRV55WT"
          },
          "sensitive_attributes": [],
          "private": "bnVsbA=="
        }
      ]
    }
  ],
  "check_results": null
}
